{
  "name": "adventofcode2021",
  "version": "1.0.0",
  "lockfileVersion": 2,
  "requires": true,
  "packages": {
    "": {
      "name": "adventofcode2021",
      "version": "1.0.0",
      "license": "ISC",
      "dependencies": {
        "@types/node": "^16.11.11",
        "ts-node": "^10.4.0",
        "typescript": "^4.5.2"
      }
    },
    "node_modules/@cspotcode/source-map-consumer": {
      "version": "0.8.0",
      "resolved": "https://bin.swisscom.com/artifactory/api/npm/oce-shared-npm-virtual/@cspotcode/source-map-consumer/-/source-map-consumer-0.8.0.tgz",
      "integrity": "sha1-M79LeznBeIIWBvZpu8RHpqYpeGs=",
      "license": "BSD-3-Clause",
      "engines": {
        "node": ">= 12"
      }
    },
    "node_modules/@cspotcode/source-map-support": {
      "version": "0.7.0",
      "resolved": "https://bin.swisscom.com/artifactory/api/npm/oce-shared-npm-virtual/@cspotcode/source-map-support/-/source-map-support-0.7.0.tgz",
      "integrity": "sha1-R4mECqhZ5G0vMXNyercHxmvzRPU=",
      "license": "MIT",
      "dependencies": {
        "@cspotcode/source-map-consumer": "0.8.0"
      },
      "engines": {
        "node": ">=12"
      }
    },
    "node_modules/@tsconfig/node10": {
      "version": "1.0.8",
      "resolved": "https://bin.swisscom.com/artifactory/api/npm/oce-shared-npm-virtual/@tsconfig/node10/-/node10-1.0.8.tgz",
      "integrity": "sha1-weToDW+WT77LM1nEO9SLQPfK2tk=",
      "license": "MIT"
    },
    "node_modules/@tsconfig/node12": {
      "version": "1.0.9",
      "resolved": "https://bin.swisscom.com/artifactory/api/npm/oce-shared-npm-virtual/@tsconfig/node12/-/node12-1.0.9.tgz",
      "integrity": "sha1-YsH23uLr2a6tgNw6+laBDljhoEw=",
      "license": "MIT"
    },
    "node_modules/@tsconfig/node14": {
      "version": "1.0.1",
      "resolved": "https://bin.swisscom.com/artifactory/api/npm/oce-shared-npm-virtual/@tsconfig/node14/-/node14-1.0.1.tgz",
      "integrity": "sha1-lfLRZ/+5uNIGiwsjUwL6/U33EfI=",
      "license": "MIT"
    },
    "node_modules/@tsconfig/node16": {
      "version": "1.0.2",
      "resolved": "https://bin.swisscom.com/artifactory/api/npm/oce-shared-npm-virtual/@tsconfig/node16/-/node16-1.0.2.tgz",
      "integrity": "sha1-Qjx3h30Fadsg4fyAiFrEEYMUAQ4=",
      "license": "MIT"
    },
    "node_modules/@types/node": {
      "version": "16.11.11",
      "resolved": "https://bin.swisscom.com/artifactory/api/npm/oce-shared-npm-virtual/@types/node/-/node-16.11.11.tgz",
      "integrity": "sha1-bqc0Lfs3nqEhCDW62oezxRISAjQ=",
      "license": "MIT"
    },
    "node_modules/acorn": {
      "version": "8.6.0",
      "resolved": "https://bin.swisscom.com/artifactory/api/npm/oce-shared-npm-virtual/acorn/-/acorn-8.6.0.tgz",
      "integrity": "sha1-42kroOsaDIPqpPN/X6c2jdcUKJU=",
      "license": "MIT",
      "bin": {
        "acorn": "bin/acorn"
      },
      "engines": {
        "node": ">=0.4.0"
      }
    },
    "node_modules/acorn-walk": {
      "version": "8.2.0",
      "resolved": "https://bin.swisscom.com/artifactory/api/npm/oce-shared-npm-virtual/acorn-walk/-/acorn-walk-8.2.0.tgz",
      "integrity": "sha1-dBIQ8uJCZFRQiFOi9E0KuDt/acE=",
      "license": "MIT",
      "engines": {
        "node": ">=0.4.0"
      }
    },
    "node_modules/arg": {
      "version": "4.1.3",
      "resolved": "https://bin.swisscom.com/artifactory/api/npm/oce-shared-npm-virtual/arg/-/arg-4.1.3.tgz",
      "integrity": "sha1-Jp/HrVuOQstjyJbVZmAXJhwUQIk=",
      "license": "MIT"
    },
    "node_modules/create-require": {
      "version": "1.1.1",
      "resolved": "https://bin.swisscom.com/artifactory/api/npm/oce-shared-npm-virtual/create-require/-/create-require-1.1.1.tgz",
      "integrity": "sha1-wdfo8eX2z8n/ZfnNNS03NIdWwzM=",
      "license": "MIT"
    },
    "node_modules/diff": {
      "version": "4.0.2",
      "resolved": "https://bin.swisscom.com/artifactory/api/npm/oce-shared-npm-virtual/diff/-/diff-4.0.2.tgz",
      "integrity": "sha1-YPOuy4nV+uUgwRqhnvwruYKq3n0=",
      "license": "BSD-3-Clause",
      "engines": {
        "node": ">=0.3.1"
      }
    },
    "node_modules/make-error": {
      "version": "1.3.6",
      "resolved": "https://bin.swisscom.com/artifactory/api/npm/oce-shared-npm-virtual/make-error/-/make-error-1.3.6.tgz",
      "integrity": "sha1-LrLjfqm2fEiR9oShOUeZr0hM96I=",
      "license": "ISC"
    },
    "node_modules/ts-node": {
      "version": "10.4.0",
      "resolved": "https://bin.swisscom.com/artifactory/api/npm/oce-shared-npm-virtual/ts-node/-/ts-node-10.4.0.tgz",
      "integrity": "sha1-aA+IlFiF9ObPRQ5/DWIj3UBIlfc=",
      "license": "MIT",
      "dependencies": {
        "@cspotcode/source-map-support": "0.7.0",
        "@tsconfig/node10": "^1.0.7",
        "@tsconfig/node12": "^1.0.7",
        "@tsconfig/node14": "^1.0.0",
        "@tsconfig/node16": "^1.0.2",
        "acorn": "^8.4.1",
        "acorn-walk": "^8.1.1",
        "arg": "^4.1.0",
        "create-require": "^1.1.0",
        "diff": "^4.0.1",
        "make-error": "^1.1.1",
        "yn": "3.1.1"
      },
      "bin": {
        "ts-node": "dist/bin.js",
        "ts-node-cwd": "dist/bin-cwd.js",
        "ts-node-script": "dist/bin-script.js",
        "ts-node-transpile-only": "dist/bin-transpile.js",
        "ts-script": "dist/bin-script-deprecated.js"
      },
      "peerDependencies": {
        "@swc/core": ">=1.2.50",
        "@swc/wasm": ">=1.2.50",
        "@types/node": "*",
        "typescript": ">=2.7"
      },
      "peerDependenciesMeta": {
        "@swc/core": {
          "optional": true
        },
        "@swc/wasm": {
          "optional": true
        }
      }
    },
    "node_modules/typescript": {
      "version": "4.5.2",
      "resolved": "https://bin.swisscom.com/artifactory/api/npm/oce-shared-npm-virtual/typescript/-/typescript-4.5.2.tgz",
      "integrity": "sha1-isH7qfUiVv2wb7ieQSL6ajRsKZg=",
      "license": "Apache-2.0",
      "bin": {
        "tsc": "bin/tsc",
        "tsserver": "bin/tsserver"
      },
      "engines": {
        "node": ">=4.2.0"
      }
    },
    "node_modules/yn": {
      "version": "3.1.1",
      "resolved": "https://bin.swisscom.com/artifactory/api/npm/oce-shared-npm-virtual/yn/-/yn-3.1.1.tgz",
      "integrity": "sha1-HodAGgnXZ8HV6rJqbkwYUYLS61A=",
      "license": "MIT",
      "engines": {
        "node": ">=6"
      }
    }
  },
  "dependencies": {
    "@cspotcode/source-map-consumer": {
      "version": "0.8.0",
      "resolved": "https://bin.swisscom.com/artifactory/api/npm/oce-shared-npm-virtual/@cspotcode/source-map-consumer/-/source-map-consumer-0.8.0.tgz",
      "integrity": "sha1-M79LeznBeIIWBvZpu8RHpqYpeGs="
    },
    "@cspotcode/source-map-support": {
      "version": "0.7.0",
      "resolved": "https://bin.swisscom.com/artifactory/api/npm/oce-shared-npm-virtual/@cspotcode/source-map-support/-/source-map-support-0.7.0.tgz",
      "integrity": "sha1-R4mECqhZ5G0vMXNyercHxmvzRPU=",
      "requires": {
        "@cspotcode/source-map-consumer": "0.8.0"
      }
    },
    "@tsconfig/node10": {
      "version": "1.0.8",
      "resolved": "https://bin.swisscom.com/artifactory/api/npm/oce-shared-npm-virtual/@tsconfig/node10/-/node10-1.0.8.tgz",
      "integrity": "sha1-weToDW+WT77LM1nEO9SLQPfK2tk="
    },
    "@tsconfig/node12": {
      "version": "1.0.9",
      "resolved": "https://bin.swisscom.com/artifactory/api/npm/oce-shared-npm-virtual/@tsconfig/node12/-/node12-1.0.9.tgz",
      "integrity": "sha1-YsH23uLr2a6tgNw6+laBDljhoEw="
    },
    "@tsconfig/node14": {
      "version": "1.0.1",
      "resolved": "https://bin.swisscom.com/artifactory/api/npm/oce-shared-npm-virtual/@tsconfig/node14/-/node14-1.0.1.tgz",
      "integrity": "sha1-lfLRZ/+5uNIGiwsjUwL6/U33EfI="
    },
    "@tsconfig/node16": {
      "version": "1.0.2",
      "resolved": "https://bin.swisscom.com/artifactory/api/npm/oce-shared-npm-virtual/@tsconfig/node16/-/node16-1.0.2.tgz",
      "integrity": "sha1-Qjx3h30Fadsg4fyAiFrEEYMUAQ4="
    },
    "@types/node": {
      "version": "16.11.11",
      "resolved": "https://bin.swisscom.com/artifactory/api/npm/oce-shared-npm-virtual/@types/node/-/node-16.11.11.tgz",
      "integrity": "sha1-bqc0Lfs3nqEhCDW62oezxRISAjQ="
    },
    "acorn": {
      "version": "8.6.0",
      "resolved": "https://bin.swisscom.com/artifactory/api/npm/oce-shared-npm-virtual/acorn/-/acorn-8.6.0.tgz",
      "integrity": "sha1-42kroOsaDIPqpPN/X6c2jdcUKJU="
    },
    "acorn-walk": {
      "version": "8.2.0",
      "resolved": "https://bin.swisscom.com/artifactory/api/npm/oce-shared-npm-virtual/acorn-walk/-/acorn-walk-8.2.0.tgz",
      "integrity": "sha1-dBIQ8uJCZFRQiFOi9E0KuDt/acE="
    },
    "arg": {
      "version": "4.1.3",
      "resolved": "https://bin.swisscom.com/artifactory/api/npm/oce-shared-npm-virtual/arg/-/arg-4.1.3.tgz",
      "integrity": "sha1-Jp/HrVuOQstjyJbVZmAXJhwUQIk="
    },
    "create-require": {
      "version": "1.1.1",
      "resolved": "https://bin.swisscom.com/artifactory/api/npm/oce-shared-npm-virtual/create-require/-/create-require-1.1.1.tgz",
      "integrity": "sha1-wdfo8eX2z8n/ZfnNNS03NIdWwzM="
    },
    "diff": {
      "version": "4.0.2",
      "resolved": "https://bin.swisscom.com/artifactory/api/npm/oce-shared-npm-virtual/diff/-/diff-4.0.2.tgz",
      "integrity": "sha1-YPOuy4nV+uUgwRqhnvwruYKq3n0="
    },
    "make-error": {
      "version": "1.3.6",
      "resolved": "https://bin.swisscom.com/artifactory/api/npm/oce-shared-npm-virtual/make-error/-/make-error-1.3.6.tgz",
      "integrity": "sha1-LrLjfqm2fEiR9oShOUeZr0hM96I="
    },
    "ts-node": {
      "version": "10.4.0",
      "resolved": "https://bin.swisscom.com/artifactory/api/npm/oce-shared-npm-virtual/ts-node/-/ts-node-10.4.0.tgz",
      "integrity": "sha1-aA+IlFiF9ObPRQ5/DWIj3UBIlfc=",
      "requires": {
        "@cspotcode/source-map-support": "0.7.0",
        "@tsconfig/node10": "^1.0.7",
        "@tsconfig/node12": "^1.0.7",
        "@tsconfig/node14": "^1.0.0",
        "@tsconfig/node16": "^1.0.2",
        "acorn": "^8.4.1",
        "acorn-walk": "^8.1.1",
        "arg": "^4.1.0",
        "create-require": "^1.1.0",
        "diff": "^4.0.1",
        "make-error": "^1.1.1",
        "yn": "3.1.1"
      }
    },
    "typescript": {
      "version": "4.5.2",
      "resolved": "https://bin.swisscom.com/artifactory/api/npm/oce-shared-npm-virtual/typescript/-/typescript-4.5.2.tgz",
      "integrity": "sha1-isH7qfUiVv2wb7ieQSL6ajRsKZg="
    },
    "yn": {
      "version": "3.1.1",
      "resolved": "https://bin.swisscom.com/artifactory/api/npm/oce-shared-npm-virtual/yn/-/yn-3.1.1.tgz",
      "integrity": "sha1-HodAGgnXZ8HV6rJqbkwYUYLS61A="
    }
  }
}
